
Microsoft Visual Studio Solution File, Format Version 12.00
# Visual Studio Version 17
VisualStudioVersion = 17.4.33103.184
MinimumVisualStudioVersion = 10.0.40219.1
Project("{FAE04EC0-301F-11D3-BF4B-00C04F79EFBC}") = "StringMaskerApp", "StringMaskerApp\StringMaskerApp.csproj", "{213BB75D-7D4B-4036-9002-6A14772AC8BE}"
EndProject
Global
	GlobalSection(SolutionConfigurationPlatforms) = preSolution
		Debug|Any CPU = Debug|Any CPU
		Release|Any CPU = Release|Any CPU
	EndGlobalSection
	GlobalSection(ProjectConfigurationPlatforms) = postSolution
		{213BB75D-7D4B-4036-9002-6A14772AC8BE}.Debug|Any CPU.ActiveCfg = Debug|Any CPU
		{213BB75D-7D4B-4036-9002-6A14772AC8BE}.Debug|Any CPU.Build.0 = Debug|Any CPU
		{213BB75D-7D4B-4036-9002-6A14772AC8BE}.Release|Any CPU.ActiveCfg = Release|Any CPU
		{213BB75D-7D4B-4036-9002-6A14772AC8BE}.Release|Any CPU.Build.0 = Release|Any CPU
	EndGlobalSection
	GlobalSection(SolutionProperties) = preSolution
		HideSolutionNode = FALSE
	EndGlobalSection
	GlobalSection(ExtensibilityGlobals) = postSolution
		SolutionGuid = {F14954EA-7F89-48FA-9E4F-6D786B20CF58}
	EndGlobalSection
EndGlobal
